
Microsoft Visual Studio Solution File, Format Version 12.00
# Visual Studio Version 16
VisualStudioVersion = 16.0.32106.194
MinimumVisualStudioVersion = 10.0.40219.1
Project("{FAE04EC0-301F-11D3-BF4B-00C04F79EFBC}") = "Telewatch_proto", "Telewatch_proto\Telewatch_proto.csproj", "{75ED6F95-6A9A-4AD3-874B-3503D02C4982}"
EndProject
Global
	GlobalSection(SolutionConfigurationPlatforms) = preSolution
		Debug|Any CPU = Debug|Any CPU
		Release|Any CPU = Release|Any CPU
	EndGlobalSection
	GlobalSection(ProjectConfigurationPlatforms) = postSolution
		{75ED6F95-6A9A-4AD3-874B-3503D02C4982}.Debug|Any CPU.ActiveCfg = Debug|Any CPU
		{75ED6F95-6A9A-4AD3-874B-3503D02C4982}.Debug|Any CPU.Build.0 = Debug|Any CPU
		{75ED6F95-6A9A-4AD3-874B-3503D02C4982}.Release|Any CPU.ActiveCfg = Release|Any CPU
		{75ED6F95-6A9A-4AD3-874B-3503D02C4982}.Release|Any CPU.Build.0 = Release|Any CPU
	EndGlobalSection
	GlobalSection(SolutionProperties) = preSolution
		HideSolutionNode = FALSE
	EndGlobalSection
	GlobalSection(ExtensibilityGlobals) = postSolution
		SolutionGuid = {4B9245BA-8CD9-4E5B-A2EC-BCB0F8B1E5A6}
	EndGlobalSection
EndGlobal
